lockfileVersion: 5.4

importers:

  .:
    specifiers:
      execa: ^6.1.0
      turbo: ^1.2.16
    devDependencies:
      execa: 6.1.0
      turbo: 1.2.16

packages:

  /cross-spawn/7.0.3:
    resolution: {integrity: sha512-iRDPJKUPVEND7dHPO8rkbOnPpyDygcDFtWjpeWNCgy8WP2rXcxXL8TskReQl6OrB2G7+UJrags1q15Fudc7G6w==}
    engines: {node: '>= 8'}
    dependencies:
      path-key: 3.1.1
      shebang-command: 2.0.0
      which: 2.0.2
    dev: true

  /execa/6.1.0:
    resolution: {integrity: sha512-QVWlX2e50heYJcCPG0iWtf8r0xjEYfz/OYLGDYH+IyjWezzPNxz63qNFOu0l4YftGWuizFVZHHs8PrLU5p2IDA==}
    engines: {node: ^12.20.0 || ^14.13.1 || >=16.0.0}
    dependencies:
      cross-spawn: 7.0.3
      get-stream: 6.0.1
      human-signals: 3.0.1
      is-stream: 3.0.0
      merge-stream: 2.0.0
      npm-run-path: 5.1.0
      onetime: 6.0.0
      signal-exit: 3.0.7
      strip-final-newline: 3.0.0
    dev: true

  /get-stream/6.0.1:
    resolution: {integrity: sha512-ts6Wi+2j3jQjqi70w5AlN8DFnkSwC+MqmxEzdEALB2qXZYV3X/b1CTfgPLGJNMeAWxdPfU8FO1ms3NUfaHCPYg==}
    engines: {node: '>=10'}
    dev: true

  /human-signals/3.0.1:
    resolution: {integrity: sha512-rQLskxnM/5OCldHo+wNXbpVgDn5A17CUoKX+7Sokwaknlq7CdSnphy0W39GU8dw59XiCXmFXDg4fRuckQRKewQ==}
    engines: {node: '>=12.20.0'}
    dev: true

  /is-stream/3.0.0:
    resolution: {integrity: sha512-LnQR4bZ9IADDRSkvpqMGvt/tEJWclzklNgSw48V5EAaAeDd6qGvN8ei6k5p0tvxSR171VmGyHuTiAOfxAbr8kA==}
    engines: {node: ^12.20.0 || ^14.13.1 || >=16.0.0}
    dev: true

  /isexe/2.0.0:
    resolution: {integrity: sha512-RHxMLp9lnKHGHRng9QFhRCMbYAcVpn69smSGcq3f36xjgVVWThj4qqLbTLlq7Ssj8B+fIQ1EuCEGI2lKsyQeIw==}
    dev: true

  /merge-stream/2.0.0:
    resolution: {integrity: sha512-abv/qOcuPfk3URPfDzmZU1LKmuw8kT+0nIHvKrKgFrwifol/doWcdA4ZqsWQ8ENrFKkd67Mfpo/LovbIUsbt3w==}
    dev: true

  /mimic-fn/4.0.0:
    resolution: {integrity: sha512-vqiC06CuhBTUdZH+RYl8sFrL096vA45Ok5ISO6sE/Mr1jRbGH4Csnhi8f3wKVl7x8mO4Au7Ir9D3Oyv1VYMFJw==}
    engines: {node: '>=12'}
    dev: true

  /npm-run-path/5.1.0:
    resolution: {integrity: sha512-sJOdmRGrY2sjNTRMbSvluQqg+8X7ZK61yvzBEIDhz4f8z1TZFYABsqjjCBd/0PUNE9M6QDgHJXQkGUEm7Q+l9Q==}
    engines: {node: ^12.20.0 || ^14.13.1 || >=16.0.0}
    dependencies:
      path-key: 4.0.0
    dev: true

  /onetime/6.0.0:
    resolution: {integrity: sha512-1FlR+gjXK7X+AsAHso35MnyN5KqGwJRi/31ft6x0M194ht7S+rWAvd7PHss9xSKMzE0asv1pyIHaJYq+BbacAQ==}
    engines: {node: '>=12'}
    dependencies:
      mimic-fn: 4.0.0
    dev: true

  /path-key/3.1.1:
    resolution: {integrity: sha512-ojmeN0qd+y0jszEtoY48r0Peq5dwMEkIlCOu6Q5f41lfkswXuKtYrhgoTpLnyIcHm24Uhqx+5Tqm2InSwLhE6Q==}
    engines: {node: '>=8'}
    dev: true

  /path-key/4.0.0:
    resolution: {integrity: sha512-haREypq7xkM7ErfgIyA0z+Bj4AGKlMSdlQE2jvJo6huWD1EdkKYV+G/T4nq0YEF2vgTT8kqMFKo1uHn950r4SQ==}
    engines: {node: '>=12'}
    dev: true

  /shebang-command/2.0.0:
    resolution: {integrity: sha512-kHxr2zZpYtdmrN1qDjrrX/Z1rR1kG8Dx+gkpK1G4eXmvXswmcE1hTWBWYUzlraYw1/yZp6YuDY77YtvbN0dmDA==}
    engines: {node: '>=8'}
    dependencies:
      shebang-regex: 3.0.0
    dev: true

  /shebang-regex/3.0.0:
    resolution: {integrity: sha512-7++dFhtcx3353uBaq8DDR4NuxBetBzC7ZQOhmTQInHEd6bSrXdiEyzCvG07Z44UYdLShWUyXt5M/yhz8ekcb1A==}
    engines: {node: '>=8'}
    dev: true

  /signal-exit/3.0.7:
    resolution: {integrity: sha512-wnD2ZE+l+SPC/uoS0vXeE9L1+0wuaMqKlfz9AMUo38JsyLSBWSFcHR1Rri62LZc12vLr1gb3jl7iwQhgwpAbGQ==}
    dev: true

  /strip-final-newline/3.0.0:
    resolution: {integrity: sha512-dOESqjYr96iWYylGObzd39EuNTa5VJxyvVAEm5Jnh7KGo75V43Hk1odPQkNDyXNmUR6k+gEiDVXnjB8HJ3crXw==}
    engines: {node: '>=12'}
    dev: true

  /turbo-darwin-64/1.2.16:
    resolution: {integrity: sha512-dyitLQJdH3uLVdlH9jAkP4LqEO/K+wOXjUqOzjTciRLjQPzmsNY60/bmFHODADK4eBBl1nxbtn7tmmoT4vS1qA==}
    cpu: [x64]
    os: [darwin]
    requiresBuild: true
    dev: true
    optional: true

  /turbo-darwin-arm64/1.2.16:
    resolution: {integrity: sha512-Ex6uM4HU7rGXdhvJMpzNpp6qxglJ98nWeIi5qR/lBXHLjK3UCvSW8BEALArUJYJTXS9FZBq1a5LowFqXYsfDcA==}
    cpu: [arm64]
    os: [darwin]
    requiresBuild: true
    dev: true
    optional: true

  /turbo-freebsd-64/1.2.16:
    resolution: {integrity: sha512-onRGKMvog8B3XDssSBIAg+FrEq9pcBoAybP7bpi/uYIH1L/WQ7YMmLn88X9JX19ehYuVOVZrjap4jWH2GIkU8A==}
    cpu: [x64]
    os: [freebsd]
    requiresBuild: true
    dev: true
    optional: true

  /turbo-freebsd-arm64/1.2.16:
    resolution: {integrity: sha512-S0EqPqxwnJuVNNXRgcHB0r8ai8LSrpHdihVJKRM7WYmIR7isccBEf/G9agrt73sCXwjvenxFs4HDR7cSvGt14Q==}
    cpu: [arm64]
    os: [freebsd]
    requiresBuild: true
    dev: true
    optional: true

  /turbo-linux-32/1.2.16:
    resolution: {integrity: sha512-ecbqmGOxgTWePGrowtwyvZGfvwaLxFWmPK21cU0PS+fzoZBaVmzYmniTdd/2EkGCw7TOPhtiT22v96fWcnRycA==}
    cpu: [ia32]
    os: [linux]
    requiresBuild: true
    dev: true
    optional: true

  /turbo-linux-64/1.2.16:
    resolution: {integrity: sha512-q6gtdMWCzM0Sktkd73zcaQjNoeM1MjtrbwQBctWN/Sgj0eiPBPnzpIvokvx98x7RLf4qyI99/mlme0Dn5fx21A==}
    cpu: [x64]
    os: [linux]
    requiresBuild: true
    dev: true
    optional: true

  /turbo-linux-arm/1.2.16:
    resolution: {integrity: sha512-du7uvExELNb89V3g7iM0XP21fR1Yl3EoHRcOfQz32oUqnS7idCKvbEowM9LtiluQl1dKcOIJjn1nlvvsqzkhOg==}
    cpu: [arm]
    os: [linux]
    requiresBuild: true
    dev: true
    optional: true

  /turbo-linux-arm64/1.2.16:
    resolution: {integrity: sha512-gUf67tYJ/N09WAZTTmtUWYrqm381tZxiulnRGAIM+iRsaTrweyUKZaYXwJvlPpI/cQOw25wCG9/IyvxLeagL8A==}
    cpu: [arm64]
    os: [linux]
    requiresBuild: true
    dev: true
    optional: true

  /turbo-linux-mips64le/1.2.16:
    resolution: {integrity: sha512-U5BM+Ql3z13uRtwMmKH/8eL+9DdTgyijC2gaX4xP0RTlcN7WfAstg8Fg/Tn2Vw9vtpVDdxwpw7dvX4kw2ghhpA==}
    cpu: [mips64el]
    os: [linux]
    requiresBuild: true
    dev: true
    optional: true

  /turbo-linux-ppc64le/1.2.16:
    resolution: {integrity: sha512-HQWSCmVZyc5chw7Ie2ZcfZPfmM06mbEEu0Wl11Y5QWh1ZzhPNQHs/TsF4I9r146wHi62XgcrKFjkw4ARZiWsLA==}
    cpu: [ppc64]
    os: [linux]
    requiresBuild: true
    dev: true
    optional: true

  /turbo-windows-32/1.2.16:
    resolution: {integrity: sha512-0ZtPz5FK2qZjznMG4vvRyaabrhO8BgbN+tBx1wjXSuoICTAjYi5TwRVVRh59c3x7qQmR21Cv33CrhLBPRfeAlg==}
    cpu: [ia32]
    os: [win32]
    requiresBuild: true
    dev: true
    optional: true

  /turbo-windows-64/1.2.16:
    resolution: {integrity: sha512-j8iAIixq/rGfBpHNbYOosxMasZrGuMzLILEuQGDxZgKNpYgobJ15QFHQlGR9sit1b8qPU5zZX4CtByRtkgH1Bw==}
    cpu: [x64]
    os: [win32]
    requiresBuild: true
    dev: true
    optional: true

  /turbo-windows-arm64/1.2.16:
    resolution: {integrity: sha512-4GpcJG3B8R9WDhwfT8fu6ZmOOfseCg6Q1cy/G8/zpJQk769yYcSnD8MgQhYgHB58aVFxZcMxBvLL6UA0UrpgWA==}
    cpu: [arm64]
    os: [win32]
    requiresBuild: true
    dev: true
    optional: true

  /turbo/1.2.16:
    resolution: {integrity: sha512-PPUa2COKgFkyb6N3uF9AnIY3l9FZkF15QQ3U1K2wpI01D3gyGKQO0Q3DUQ4ipmciP0teBfL7H+l/QTrUA9IVvQ==}
    hasBin: true
    requiresBuild: true
    optionalDependencies:
      turbo-darwin-64: 1.2.16
      turbo-darwin-arm64: 1.2.16
      turbo-freebsd-64: 1.2.16
      turbo-freebsd-arm64: 1.2.16
      turbo-linux-32: 1.2.16
      turbo-linux-64: 1.2.16
      turbo-linux-arm: 1.2.16
      turbo-linux-arm64: 1.2.16
      turbo-linux-mips64le: 1.2.16
      turbo-linux-ppc64le: 1.2.16
      turbo-windows-32: 1.2.16
      turbo-windows-64: 1.2.16
      turbo-windows-arm64: 1.2.16
    dev: true

  /which/2.0.2:
    resolution: {integrity: sha512-BLI3Tl1TW3Pvl70l3yq3Y64i+awpwXqsGBYWkkqMtnbXgrMD+yj7rhW0kuEDxzJaYXGjEW5ogapKNMEKNMjibA==}
    engines: {node: '>= 8'}
    hasBin: true
    dependencies:
      isexe: 2.0.0
    dev: true
